
Microsoft Visual Studio Solution File, Format Version 12.00
# Visual Studio 15
VisualStudioVersion = 15.0.27004.2009
MinimumVisualStudioVersion = 10.0.40219.1
Project("{9A19103F-16F7-4668-BE54-9A1E7A4F7556}") = "Images", "Images\Images.csproj", "{471C4532-FF09-4D3E-9FA1-C16A165354B1}"
EndProject
Project("{FAE04EC0-301F-11D3-BF4B-00C04F79EFBC}") = "Images.Test", "Images.Tests\Images.Test.csproj", "{CC58A169-A246-415A-A2C1-449DE3F54F15}"
EndProject
Project("{FAE04EC0-301F-11D3-BF4B-00C04F79EFBC}") = "Images.Service", "Images.Service\Images.Service.csproj", "{28DCEC5A-858E-427A-A396-A76D48A91AC6}"
EndProject
Global
	GlobalSection(SolutionConfigurationPlatforms) = preSolution
		Debug|Any CPU = Debug|Any CPU
		Release|Any CPU = Release|Any CPU
	EndGlobalSection
	GlobalSection(ProjectConfigurationPlatforms) = postSolution
		{471C4532-FF09-4D3E-9FA1-C16A165354B1}.Debug|Any CPU.ActiveCfg = Debug|Any CPU
		{471C4532-FF09-4D3E-9FA1-C16A165354B1}.Debug|Any CPU.Build.0 = Debug|Any CPU
		{471C4532-FF09-4D3E-9FA1-C16A165354B1}.Release|Any CPU.ActiveCfg = Release|Any CPU
		{471C4532-FF09-4D3E-9FA1-C16A165354B1}.Release|Any CPU.Build.0 = Release|Any CPU
		{CC58A169-A246-415A-A2C1-449DE3F54F15}.Debug|Any CPU.ActiveCfg = Debug|Any CPU
		{CC58A169-A246-415A-A2C1-449DE3F54F15}.Debug|Any CPU.Build.0 = Debug|Any CPU
		{CC58A169-A246-415A-A2C1-449DE3F54F15}.Release|Any CPU.ActiveCfg = Release|Any CPU
		{CC58A169-A246-415A-A2C1-449DE3F54F15}.Release|Any CPU.Build.0 = Release|Any CPU
		{28DCEC5A-858E-427A-A396-A76D48A91AC6}.Debug|Any CPU.ActiveCfg = Debug|Any CPU
		{28DCEC5A-858E-427A-A396-A76D48A91AC6}.Debug|Any CPU.Build.0 = Debug|Any CPU
		{28DCEC5A-858E-427A-A396-A76D48A91AC6}.Release|Any CPU.ActiveCfg = Release|Any CPU
		{28DCEC5A-858E-427A-A396-A76D48A91AC6}.Release|Any CPU.Build.0 = Release|Any CPU
	EndGlobalSection
	GlobalSection(SolutionProperties) = preSolution
		HideSolutionNode = FALSE
	EndGlobalSection
	GlobalSection(ExtensibilityGlobals) = postSolution
		SolutionGuid = {DC563E1E-4395-43C6-BAE0-8395CDE61182}
	EndGlobalSection
EndGlobal
